
Microsoft Visual Studio Solution File, Format Version 12.00
# Visual Studio Version 17
VisualStudioVersion = 17.5.33414.496
MinimumVisualStudioVersion = 10.0.40219.1
Project("{FAE04EC0-301F-11D3-BF4B-00C04F79EFBC}") = "api_for_flutter", "api_for_flutter\api_for_flutter.csproj", "{38831BD1-B816-4355-9072-C4031D5E889B}"
EndProject
Global
	GlobalSection(SolutionConfigurationPlatforms) = preSolution
		Debug|Any CPU = Debug|Any CPU
		Release|Any CPU = Release|Any CPU
	EndGlobalSection
	GlobalSection(ProjectConfigurationPlatforms) = postSolution
		{38831BD1-B816-4355-9072-C4031D5E889B}.Debug|Any CPU.ActiveCfg = Debug|Any CPU
		{38831BD1-B816-4355-9072-C4031D5E889B}.Debug|Any CPU.Build.0 = Debug|Any CPU
		{38831BD1-B816-4355-9072-C4031D5E889B}.Release|Any CPU.ActiveCfg = Release|Any CPU
		{38831BD1-B816-4355-9072-C4031D5E889B}.Release|Any CPU.Build.0 = Release|Any CPU
	EndGlobalSection
	GlobalSection(SolutionProperties) = preSolution
		HideSolutionNode = FALSE
	EndGlobalSection
	GlobalSection(ExtensibilityGlobals) = postSolution
		SolutionGuid = {5605BF98-8322-43D7-B73D-FA43E83E8883}
	EndGlobalSection
EndGlobal
